
Microsoft Visual Studio Solution File, Format Version 12.00
# Visual Studio 2013
VisualStudioVersion = 12.0.21005.1
MinimumVisualStudioVersion = 10.0.40219.1
Project("{D2ABAB84-BF74-430A-B69E-9DC6D40DDA17}") = "CubeFinal", "CubeFinal\CubeFinal.dwproj", "{02BA0991-270B-420B-B460-EFBF6A87B880}"
EndProject
Global
	GlobalSection(SolutionConfigurationPlatforms) = preSolution
		Development|Default = Development|Default
	EndGlobalSection
	GlobalSection(ProjectConfigurationPlatforms) = postSolution
		{02BA0991-270B-420B-B460-EFBF6A87B880}.Development|Default.ActiveCfg = Development
		{02BA0991-270B-420B-B460-EFBF6A87B880}.Development|Default.Build.0 = Development
		{02BA0991-270B-420B-B460-EFBF6A87B880}.Development|Default.Deploy.0 = Development
	EndGlobalSection
	GlobalSection(SolutionProperties) = preSolution
		HideSolutionNode = FALSE
	EndGlobalSection
EndGlobal
