
Microsoft Visual Studio Solution File, Format Version 12.00
# Visual Studio 14
VisualStudioVersion = 14.0.23107.0
MinimumVisualStudioVersion = 10.0.40219.1
Project("{D2ABAB84-BF74-430A-B69E-9DC6D40DDA17}") = "temp_cube_ass_2", "temp_cube_ass_2\temp_cube_ass_2.dwproj", "{8AC2BFA3-E622-4F37-906C-EEE9C5EA8FB0}"
EndProject
Global
	GlobalSection(SolutionConfigurationPlatforms) = preSolution
		Development|Default = Development|Default
	EndGlobalSection
	GlobalSection(ProjectConfigurationPlatforms) = postSolution
		{8AC2BFA3-E622-4F37-906C-EEE9C5EA8FB0}.Development|Default.ActiveCfg = Development
		{8AC2BFA3-E622-4F37-906C-EEE9C5EA8FB0}.Development|Default.Build.0 = Development
		{8AC2BFA3-E622-4F37-906C-EEE9C5EA8FB0}.Development|Default.Deploy.0 = Development
	EndGlobalSection
	GlobalSection(SolutionProperties) = preSolution
		HideSolutionNode = FALSE
	EndGlobalSection
EndGlobal
